
Microsoft Visual Studio Solution File, Format Version 12.00
# Visual Studio Version 16
VisualStudioVersion = 16.0.30413.136
MinimumVisualStudioVersion = 10.0.40219.1
Project("{FAE04EC0-301F-11D3-BF4B-00C04F79EFBC}") = "calculater project", "calculater project\calculater project.csproj", "{8B3CC3F6-154B-4C8E-BFCB-3AE8797A27D1}"
EndProject
Global
	GlobalSection(SolutionConfigurationPlatforms) = preSolution
		Debug|Any CPU = Debug|Any CPU
		Release|Any CPU = Release|Any CPU
	EndGlobalSection
	GlobalSection(ProjectConfigurationPlatforms) = postSolution
		{8B3CC3F6-154B-4C8E-BFCB-3AE8797A27D1}.Debug|Any CPU.ActiveCfg = Debug|Any CPU
		{8B3CC3F6-154B-4C8E-BFCB-3AE8797A27D1}.Debug|Any CPU.Build.0 = Debug|Any CPU
		{8B3CC3F6-154B-4C8E-BFCB-3AE8797A27D1}.Release|Any CPU.ActiveCfg = Release|Any CPU
		{8B3CC3F6-154B-4C8E-BFCB-3AE8797A27D1}.Release|Any CPU.Build.0 = Release|Any CPU
	EndGlobalSection
	GlobalSection(SolutionProperties) = preSolution
		HideSolutionNode = FALSE
	EndGlobalSection
	GlobalSection(ExtensibilityGlobals) = postSolution
		SolutionGuid = {99B75A88-20C2-4998-9F08-6F2960398000}
	EndGlobalSection
EndGlobal
